
Microsoft Visual Studio Solution File, Format Version 12.00
# Visual Studio 15
VisualStudioVersion = 15.0.28010.2036
MinimumVisualStudioVersion = 10.0.40219.1
Project("{9A19103F-16F7-4668-BE54-9A1E7A4F7556}") = "OppifonAPI", "OppifonAPI\OppifonAPI.csproj", "{65FD20E8-2E68-420C-A6F1-16CC8DCD6A05}"
EndProject
Project("{9A19103F-16F7-4668-BE54-9A1E7A4F7556}") = "DAL", "DAL\DAL.csproj", "{92250F01-B24E-488C-93E2-B452157CD90E}"
EndProject
Global
	GlobalSection(SolutionConfigurationPlatforms) = preSolution
		Debug|Any CPU = Debug|Any CPU
		Release|Any CPU = Release|Any CPU
	EndGlobalSection
	GlobalSection(ProjectConfigurationPlatforms) = postSolution
		{65FD20E8-2E68-420C-A6F1-16CC8DCD6A05}.Debug|Any CPU.ActiveCfg = Debug|Any CPU
		{65FD20E8-2E68-420C-A6F1-16CC8DCD6A05}.Debug|Any CPU.Build.0 = Debug|Any CPU
		{65FD20E8-2E68-420C-A6F1-16CC8DCD6A05}.Release|Any CPU.ActiveCfg = Release|Any CPU
		{65FD20E8-2E68-420C-A6F1-16CC8DCD6A05}.Release|Any CPU.Build.0 = Release|Any CPU
		{92250F01-B24E-488C-93E2-B452157CD90E}.Debug|Any CPU.ActiveCfg = Debug|Any CPU
		{92250F01-B24E-488C-93E2-B452157CD90E}.Debug|Any CPU.Build.0 = Debug|Any CPU
		{92250F01-B24E-488C-93E2-B452157CD90E}.Release|Any CPU.ActiveCfg = Release|Any CPU
		{92250F01-B24E-488C-93E2-B452157CD90E}.Release|Any CPU.Build.0 = Release|Any CPU
	EndGlobalSection
	GlobalSection(SolutionProperties) = preSolution
		HideSolutionNode = FALSE
	EndGlobalSection
	GlobalSection(ExtensibilityGlobals) = postSolution
		SolutionGuid = {942EB66D-D9C9-43D0-95C7-332B49F52B46}
	EndGlobalSection
EndGlobal
